
Microsoft Visual Studio Solution File, Format Version 12.00
# Visual Studio Version 17
VisualStudioVersion = 17.14.36623.8
MinimumVisualStudioVersion = 10.0.40219.1
Project("{FAE04EC0-301F-11D3-BF4B-00C04F79EFBC}") = "RentaCar.Dominio", "RentaCar.Dominio.csproj", "{B74670CF-25B5-4CEE-A924-ED6AB6C48056}"
EndProject
Project("{FAE04EC0-301F-11D3-BF4B-00C04F79EFBC}") = "RentaCar.Api", "..\RentaCar.Api\RentaCar.Api.csproj", "{5CB2976B-D53D-47B6-B5BC-212ADA9F1B9E}"
	ProjectSection(ProjectDependencies) = postProject
		{B74670CF-25B5-4CEE-A924-ED6AB6C48056} = {B74670CF-25B5-4CEE-A924-ED6AB6C48056}
		{D1CCC161-5285-427B-A0EC-2D845A430F8D} = {D1CCC161-5285-427B-A0EC-2D845A430F8D}
	EndProjectSection
EndProject
Project("{FAE04EC0-301F-11D3-BF4B-00C04F79EFBC}") = "RentaCar.Infraestructura", "..\RentaCar.Infraestructura\RentaCar.Infraestructura.csproj", "{D1CCC161-5285-427B-A0EC-2D845A430F8D}"
EndProject
Project("{FAE04EC0-301F-11D3-BF4B-00C04F79EFBC}") = "RentaCar.Blazor", "..\RentaCar.Blazor\RentaCar.Blazor.csproj", "{7B946326-8E32-4FE9-8E23-759916F7F39B}"
EndProject
Project("{FAE04EC0-301F-11D3-BF4B-00C04F79EFBC}") = "RentaCar.Escritorio", "..\RentaCar.Escritorio\RentaCar.Escritorio.csproj", "{4117058D-68E7-41BC-BB4F-4C6DD3AC24C6}"
EndProject
Global
	GlobalSection(SolutionConfigurationPlatforms) = preSolution
		Debug|Any CPU = Debug|Any CPU
		Release|Any CPU = Release|Any CPU
	EndGlobalSection
	GlobalSection(ProjectConfigurationPlatforms) = postSolution
		{B74670CF-25B5-4CEE-A924-ED6AB6C48056}.Debug|Any CPU.ActiveCfg = Debug|Any CPU
		{B74670CF-25B5-4CEE-A924-ED6AB6C48056}.Debug|Any CPU.Build.0 = Debug|Any CPU
		{B74670CF-25B5-4CEE-A924-ED6AB6C48056}.Release|Any CPU.ActiveCfg = Release|Any CPU
		{B74670CF-25B5-4CEE-A924-ED6AB6C48056}.Release|Any CPU.Build.0 = Release|Any CPU
		{5CB2976B-D53D-47B6-B5BC-212ADA9F1B9E}.Debug|Any CPU.ActiveCfg = Debug|Any CPU
		{5CB2976B-D53D-47B6-B5BC-212ADA9F1B9E}.Debug|Any CPU.Build.0 = Debug|Any CPU
		{5CB2976B-D53D-47B6-B5BC-212ADA9F1B9E}.Release|Any CPU.ActiveCfg = Release|Any CPU
		{5CB2976B-D53D-47B6-B5BC-212ADA9F1B9E}.Release|Any CPU.Build.0 = Release|Any CPU
		{D1CCC161-5285-427B-A0EC-2D845A430F8D}.Debug|Any CPU.ActiveCfg = Debug|Any CPU
		{D1CCC161-5285-427B-A0EC-2D845A430F8D}.Debug|Any CPU.Build.0 = Debug|Any CPU
		{D1CCC161-5285-427B-A0EC-2D845A430F8D}.Release|Any CPU.ActiveCfg = Release|Any CPU
		{D1CCC161-5285-427B-A0EC-2D845A430F8D}.Release|Any CPU.Build.0 = Release|Any CPU
		{7B946326-8E32-4FE9-8E23-759916F7F39B}.Debug|Any CPU.ActiveCfg = Debug|Any CPU
		{7B946326-8E32-4FE9-8E23-759916F7F39B}.Debug|Any CPU.Build.0 = Debug|Any CPU
		{7B946326-8E32-4FE9-8E23-759916F7F39B}.Release|Any CPU.ActiveCfg = Release|Any CPU
		{7B946326-8E32-4FE9-8E23-759916F7F39B}.Release|Any CPU.Build.0 = Release|Any CPU
		{4117058D-68E7-41BC-BB4F-4C6DD3AC24C6}.Debug|Any CPU.ActiveCfg = Debug|Any CPU
		{4117058D-68E7-41BC-BB4F-4C6DD3AC24C6}.Debug|Any CPU.Build.0 = Debug|Any CPU
		{4117058D-68E7-41BC-BB4F-4C6DD3AC24C6}.Release|Any CPU.ActiveCfg = Release|Any CPU
		{4117058D-68E7-41BC-BB4F-4C6DD3AC24C6}.Release|Any CPU.Build.0 = Release|Any CPU
	EndGlobalSection
	GlobalSection(SolutionProperties) = preSolution
		HideSolutionNode = FALSE
	EndGlobalSection
	GlobalSection(ExtensibilityGlobals) = postSolution
		SolutionGuid = {A4CA1314-79D7-4211-9065-20510F1963F3}
	EndGlobalSection
EndGlobal
