
Microsoft Visual Studio Solution File, Format Version 12.00
# Visual Studio Version 17
VisualStudioVersion = 17.14.36623.8
MinimumVisualStudioVersion = 10.0.40219.1
Project("{FAE04EC0-301F-11D3-BF4B-00C04F79EFBC}") = "Dominio", "Dominio.csproj", "{B74670CF-25B5-4CEE-A924-ED6AB6C48056}"
EndProject
Project("{FAE04EC0-301F-11D3-BF4B-00C04F79EFBC}") = "Escritorio", "..\Escritorio\Escritorio.csproj", "{FEBD42F9-E4D9-49EE-BF4B-D252044B7046}"
EndProject
Global
	GlobalSection(SolutionConfigurationPlatforms) = preSolution
		Debug|Any CPU = Debug|Any CPU
		Release|Any CPU = Release|Any CPU
	EndGlobalSection
	GlobalSection(ProjectConfigurationPlatforms) = postSolution
		{B74670CF-25B5-4CEE-A924-ED6AB6C48056}.Debug|Any CPU.ActiveCfg = Debug|Any CPU
		{B74670CF-25B5-4CEE-A924-ED6AB6C48056}.Debug|Any CPU.Build.0 = Debug|Any CPU
		{B74670CF-25B5-4CEE-A924-ED6AB6C48056}.Release|Any CPU.ActiveCfg = Release|Any CPU
		{B74670CF-25B5-4CEE-A924-ED6AB6C48056}.Release|Any CPU.Build.0 = Release|Any CPU
		{FEBD42F9-E4D9-49EE-BF4B-D252044B7046}.Debug|Any CPU.ActiveCfg = Debug|Any CPU
		{FEBD42F9-E4D9-49EE-BF4B-D252044B7046}.Debug|Any CPU.Build.0 = Debug|Any CPU
		{FEBD42F9-E4D9-49EE-BF4B-D252044B7046}.Release|Any CPU.ActiveCfg = Release|Any CPU
		{FEBD42F9-E4D9-49EE-BF4B-D252044B7046}.Release|Any CPU.Build.0 = Release|Any CPU
	EndGlobalSection
	GlobalSection(SolutionProperties) = preSolution
		HideSolutionNode = FALSE
	EndGlobalSection
	GlobalSection(ExtensibilityGlobals) = postSolution
		SolutionGuid = {A4CA1314-79D7-4211-9065-20510F1963F3}
	EndGlobalSection
EndGlobal
